{
  "originHash" : "4a1b378c0ad0f27417c6595a92de2e449324cddc294f9537a804632e6039b503",
  "pins" : [
    {
      "identity" : "facebook-ios-sdk",
      "kind" : "remoteSourceControl",
      "location" : "https://github.com/facebook/facebook-ios-sdk",
      "state" : {
        "revision" : "32da5bdef917ccd845fcf319c5fb67c654459d27",
        "version" : "18.0.2"
      }
    }
  ],
  "version" : 3
}
